
Microsoft Visual Studio Solution File, Format Version 12.00
# Visual Studio 2012
VisualStudioVersion = 14.0.24720.0
MinimumVisualStudioVersion = 10.0.40219.1
Project("{FAE04EC0-301F-11D3-BF4B-00C04F79EFBC}") = "Yupi.Net", "Yupi.Net\Yupi.Net.csproj", "{8D09AE29-53E7-405D-9F9E-CDDE1164851A}"
EndProject
Project("{FAE04EC0-301F-11D3-BF4B-00C04F79EFBC}") = "Yupi.Protocol", "Yupi.Protocol\Yupi.Protocol.csproj", "{9AE3ADAB-A767-4123-BE78-34E1DFCF33FB}"
EndProject
Project("{FAE04EC0-301F-11D3-BF4B-00C04F79EFBC}") = "Yupi.Messages", "Yupi.Messages\Yupi.Messages.csproj", "{5E653C7A-B60A-46CE-9448-F9AD50710D3B}"
EndProject
Project("{FAE04EC0-301F-11D3-BF4B-00C04F79EFBC}") = "Yupi.Controller", "Yupi.Controller\Yupi.Controller.csproj", "{40F4057A-7752-4BA3-849B-FDEBCC238717}"
EndProject
Project("{FAE04EC0-301F-11D3-BF4B-00C04F79EFBC}") = "Yupi.Model", "Yupi.Model\Yupi.Model.csproj", "{8B402ADE-66C4-4D92-9DA6-162860FC225E}"
EndProject
Project("{FAE04EC0-301F-11D3-BF4B-00C04F79EFBC}") = "Yupi.Util", "Yupi.Util\Yupi.Util.csproj", "{6CC9871D-F8D6-4586-8681-E9AAECA60D60}"
EndProject
Project("{FAE04EC0-301F-11D3-BF4B-00C04F79EFBC}") = "Yupi.Messages.Contracts", "Yupi.Messages.Contracts\Yupi.Messages.Contracts.csproj", "{686087B0-8FBC-48E3-A903-799A980F8D7D}"
EndProject
Project("{FAE04EC0-301F-11D3-BF4B-00C04F79EFBC}") = "Yupi.Main", "Yupi.Main\Yupi.Main.csproj", "{4776521A-52AD-4A62-85A0-AB992C9D8F2F}"
EndProject
Global
	GlobalSection(SolutionConfigurationPlatforms) = preSolution
		Debug|Any CPU = Debug|Any CPU
		Debug|x64 = Debug|x64
		Debug|x86 = Debug|x86
		Release|Any CPU = Release|Any CPU
		Release|x64 = Release|x64
		Release|x86 = Release|x86
	EndGlobalSection
	GlobalSection(ProjectConfigurationPlatforms) = postSolution
		{40F4057A-7752-4BA3-849B-FDEBCC238717}.Debug|Any CPU.ActiveCfg = Debug|Any CPU
		{40F4057A-7752-4BA3-849B-FDEBCC238717}.Debug|Any CPU.Build.0 = Debug|Any CPU
		{40F4057A-7752-4BA3-849B-FDEBCC238717}.Debug|x64.ActiveCfg = Debug|Any CPU
		{40F4057A-7752-4BA3-849B-FDEBCC238717}.Debug|x64.Build.0 = Debug|Any CPU
		{40F4057A-7752-4BA3-849B-FDEBCC238717}.Debug|x86.ActiveCfg = Debug|Any CPU
		{40F4057A-7752-4BA3-849B-FDEBCC238717}.Debug|x86.Build.0 = Debug|Any CPU
		{40F4057A-7752-4BA3-849B-FDEBCC238717}.Release|Any CPU.ActiveCfg = Release|Any CPU
		{40F4057A-7752-4BA3-849B-FDEBCC238717}.Release|Any CPU.Build.0 = Release|Any CPU
		{40F4057A-7752-4BA3-849B-FDEBCC238717}.Release|x64.ActiveCfg = Release|Any CPU
		{40F4057A-7752-4BA3-849B-FDEBCC238717}.Release|x64.Build.0 = Release|Any CPU
		{40F4057A-7752-4BA3-849B-FDEBCC238717}.Release|x86.ActiveCfg = Release|Any CPU
		{40F4057A-7752-4BA3-849B-FDEBCC238717}.Release|x86.Build.0 = Release|Any CPU
		{4776521A-52AD-4A62-85A0-AB992C9D8F2F}.Debug|Any CPU.ActiveCfg = Debug|Any CPU
		{4776521A-52AD-4A62-85A0-AB992C9D8F2F}.Debug|Any CPU.Build.0 = Debug|Any CPU
		{4776521A-52AD-4A62-85A0-AB992C9D8F2F}.Debug|x64.ActiveCfg = Debug|Any CPU
		{4776521A-52AD-4A62-85A0-AB992C9D8F2F}.Debug|x64.Build.0 = Debug|Any CPU
		{4776521A-52AD-4A62-85A0-AB992C9D8F2F}.Debug|x86.ActiveCfg = Debug|Any CPU
		{4776521A-52AD-4A62-85A0-AB992C9D8F2F}.Debug|x86.Build.0 = Debug|Any CPU
		{4776521A-52AD-4A62-85A0-AB992C9D8F2F}.Release|Any CPU.ActiveCfg = Release|Any CPU
		{4776521A-52AD-4A62-85A0-AB992C9D8F2F}.Release|Any CPU.Build.0 = Release|Any CPU
		{4776521A-52AD-4A62-85A0-AB992C9D8F2F}.Release|x64.ActiveCfg = Release|Any CPU
		{4776521A-52AD-4A62-85A0-AB992C9D8F2F}.Release|x64.Build.0 = Release|Any CPU
		{4776521A-52AD-4A62-85A0-AB992C9D8F2F}.Release|x86.ActiveCfg = Release|Any CPU
		{4776521A-52AD-4A62-85A0-AB992C9D8F2F}.Release|x86.Build.0 = Release|Any CPU
		{5E653C7A-B60A-46CE-9448-F9AD50710D3B}.Debug|Any CPU.ActiveCfg = Debug|Any CPU
		{5E653C7A-B60A-46CE-9448-F9AD50710D3B}.Debug|Any CPU.Build.0 = Debug|Any CPU
		{5E653C7A-B60A-46CE-9448-F9AD50710D3B}.Debug|x64.ActiveCfg = Debug|Any CPU
		{5E653C7A-B60A-46CE-9448-F9AD50710D3B}.Debug|x64.Build.0 = Debug|Any CPU
		{5E653C7A-B60A-46CE-9448-F9AD50710D3B}.Debug|x86.ActiveCfg = Debug|Any CPU
		{5E653C7A-B60A-46CE-9448-F9AD50710D3B}.Debug|x86.Build.0 = Debug|Any CPU
		{5E653C7A-B60A-46CE-9448-F9AD50710D3B}.Release|Any CPU.ActiveCfg = Release|Any CPU
		{5E653C7A-B60A-46CE-9448-F9AD50710D3B}.Release|Any CPU.Build.0 = Release|Any CPU
		{5E653C7A-B60A-46CE-9448-F9AD50710D3B}.Release|x64.ActiveCfg = Release|Any CPU
		{5E653C7A-B60A-46CE-9448-F9AD50710D3B}.Release|x64.Build.0 = Release|Any CPU
		{5E653C7A-B60A-46CE-9448-F9AD50710D3B}.Release|x86.ActiveCfg = Release|Any CPU
		{5E653C7A-B60A-46CE-9448-F9AD50710D3B}.Release|x86.Build.0 = Release|Any CPU
		{686087B0-8FBC-48E3-A903-799A980F8D7D}.Debug|Any CPU.ActiveCfg = Debug|Any CPU
		{686087B0-8FBC-48E3-A903-799A980F8D7D}.Debug|Any CPU.Build.0 = Debug|Any CPU
		{686087B0-8FBC-48E3-A903-799A980F8D7D}.Debug|x64.ActiveCfg = Debug|Any CPU
		{686087B0-8FBC-48E3-A903-799A980F8D7D}.Debug|x64.Build.0 = Debug|Any CPU
		{686087B0-8FBC-48E3-A903-799A980F8D7D}.Debug|x86.ActiveCfg = Debug|Any CPU
		{686087B0-8FBC-48E3-A903-799A980F8D7D}.Debug|x86.Build.0 = Debug|Any CPU
		{686087B0-8FBC-48E3-A903-799A980F8D7D}.Release|Any CPU.ActiveCfg = Release|Any CPU
		{686087B0-8FBC-48E3-A903-799A980F8D7D}.Release|Any CPU.Build.0 = Release|Any CPU
		{686087B0-8FBC-48E3-A903-799A980F8D7D}.Release|x64.ActiveCfg = Release|Any CPU
		{686087B0-8FBC-48E3-A903-799A980F8D7D}.Release|x64.Build.0 = Release|Any CPU
		{686087B0-8FBC-48E3-A903-799A980F8D7D}.Release|x86.ActiveCfg = Release|Any CPU
		{686087B0-8FBC-48E3-A903-799A980F8D7D}.Release|x86.Build.0 = Release|Any CPU
		{6CC9871D-F8D6-4586-8681-E9AAECA60D60}.Debug|Any CPU.ActiveCfg = Debug|Any CPU
		{6CC9871D-F8D6-4586-8681-E9AAECA60D60}.Debug|Any CPU.Build.0 = Debug|Any CPU
		{6CC9871D-F8D6-4586-8681-E9AAECA60D60}.Debug|x64.ActiveCfg = Debug|Any CPU
		{6CC9871D-F8D6-4586-8681-E9AAECA60D60}.Debug|x64.Build.0 = Debug|Any CPU
		{6CC9871D-F8D6-4586-8681-E9AAECA60D60}.Debug|x86.ActiveCfg = Debug|Any CPU
		{6CC9871D-F8D6-4586-8681-E9AAECA60D60}.Debug|x86.Build.0 = Debug|Any CPU
		{6CC9871D-F8D6-4586-8681-E9AAECA60D60}.Release|Any CPU.ActiveCfg = Release|Any CPU
		{6CC9871D-F8D6-4586-8681-E9AAECA60D60}.Release|Any CPU.Build.0 = Release|Any CPU
		{6CC9871D-F8D6-4586-8681-E9AAECA60D60}.Release|x64.ActiveCfg = Release|Any CPU
		{6CC9871D-F8D6-4586-8681-E9AAECA60D60}.Release|x64.Build.0 = Release|Any CPU
		{6CC9871D-F8D6-4586-8681-E9AAECA60D60}.Release|x86.ActiveCfg = Release|Any CPU
		{6CC9871D-F8D6-4586-8681-E9AAECA60D60}.Release|x86.Build.0 = Release|Any CPU
		{8B402ADE-66C4-4D92-9DA6-162860FC225E}.Debug|Any CPU.ActiveCfg = Debug|Any CPU
		{8B402ADE-66C4-4D92-9DA6-162860FC225E}.Debug|Any CPU.Build.0 = Debug|Any CPU
		{8B402ADE-66C4-4D92-9DA6-162860FC225E}.Debug|x64.ActiveCfg = Debug|Any CPU
		{8B402ADE-66C4-4D92-9DA6-162860FC225E}.Debug|x64.Build.0 = Debug|Any CPU
		{8B402ADE-66C4-4D92-9DA6-162860FC225E}.Debug|x86.ActiveCfg = Debug|Any CPU
		{8B402ADE-66C4-4D92-9DA6-162860FC225E}.Debug|x86.Build.0 = Debug|Any CPU
		{8B402ADE-66C4-4D92-9DA6-162860FC225E}.Release|Any CPU.ActiveCfg = Release|Any CPU
		{8B402ADE-66C4-4D92-9DA6-162860FC225E}.Release|Any CPU.Build.0 = Release|Any CPU
		{8B402ADE-66C4-4D92-9DA6-162860FC225E}.Release|x64.ActiveCfg = Release|Any CPU
		{8B402ADE-66C4-4D92-9DA6-162860FC225E}.Release|x64.Build.0 = Release|Any CPU
		{8B402ADE-66C4-4D92-9DA6-162860FC225E}.Release|x86.ActiveCfg = Release|Any CPU
		{8B402ADE-66C4-4D92-9DA6-162860FC225E}.Release|x86.Build.0 = Release|Any CPU
		{8D09AE29-53E7-405D-9F9E-CDDE1164851A}.Debug|Any CPU.ActiveCfg = Debug|Any CPU
		{8D09AE29-53E7-405D-9F9E-CDDE1164851A}.Debug|Any CPU.Build.0 = Debug|Any CPU
		{8D09AE29-53E7-405D-9F9E-CDDE1164851A}.Debug|x64.ActiveCfg = Debug|Any CPU
		{8D09AE29-53E7-405D-9F9E-CDDE1164851A}.Debug|x64.Build.0 = Debug|Any CPU
		{8D09AE29-53E7-405D-9F9E-CDDE1164851A}.Debug|x86.ActiveCfg = Debug|Any CPU
		{8D09AE29-53E7-405D-9F9E-CDDE1164851A}.Debug|x86.Build.0 = Debug|Any CPU
		{8D09AE29-53E7-405D-9F9E-CDDE1164851A}.Release|Any CPU.ActiveCfg = Release|Any CPU
		{8D09AE29-53E7-405D-9F9E-CDDE1164851A}.Release|Any CPU.Build.0 = Release|Any CPU
		{8D09AE29-53E7-405D-9F9E-CDDE1164851A}.Release|x64.ActiveCfg = Release|Any CPU
		{8D09AE29-53E7-405D-9F9E-CDDE1164851A}.Release|x64.Build.0 = Release|Any CPU
		{8D09AE29-53E7-405D-9F9E-CDDE1164851A}.Release|x86.ActiveCfg = Release|Any CPU
		{8D09AE29-53E7-405D-9F9E-CDDE1164851A}.Release|x86.Build.0 = Release|Any CPU
		{9AE3ADAB-A767-4123-BE78-34E1DFCF33FB}.Debug|Any CPU.ActiveCfg = Debug|Any CPU
		{9AE3ADAB-A767-4123-BE78-34E1DFCF33FB}.Debug|Any CPU.Build.0 = Debug|Any CPU
		{9AE3ADAB-A767-4123-BE78-34E1DFCF33FB}.Debug|x64.ActiveCfg = Debug|Any CPU
		{9AE3ADAB-A767-4123-BE78-34E1DFCF33FB}.Debug|x64.Build.0 = Debug|Any CPU
		{9AE3ADAB-A767-4123-BE78-34E1DFCF33FB}.Debug|x86.ActiveCfg = Debug|Any CPU
		{9AE3ADAB-A767-4123-BE78-34E1DFCF33FB}.Debug|x86.Build.0 = Debug|Any CPU
		{9AE3ADAB-A767-4123-BE78-34E1DFCF33FB}.Release|Any CPU.ActiveCfg = Release|Any CPU
		{9AE3ADAB-A767-4123-BE78-34E1DFCF33FB}.Release|Any CPU.Build.0 = Release|Any CPU
		{9AE3ADAB-A767-4123-BE78-34E1DFCF33FB}.Release|x64.ActiveCfg = Release|Any CPU
		{9AE3ADAB-A767-4123-BE78-34E1DFCF33FB}.Release|x64.Build.0 = Release|Any CPU
		{9AE3ADAB-A767-4123-BE78-34E1DFCF33FB}.Release|x86.ActiveCfg = Release|Any CPU
		{9AE3ADAB-A767-4123-BE78-34E1DFCF33FB}.Release|x86.Build.0 = Release|Any CPU
	EndGlobalSection
	GlobalSection(SolutionProperties) = preSolution
		HideSolutionNode = FALSE
	EndGlobalSection
EndGlobal
