
Microsoft Visual Studio Solution File, Format Version 12.00
# Visual Studio 14
VisualStudioVersion = 14.0.23107.0
MinimumVisualStudioVersion = 10.0.40219.1
Project("{FAE04EC0-301F-11D3-BF4B-00C04F79EFBC}") = "Yupi.Net", "Yupi.Net\Yupi.Net.csproj", "{8D09AE29-53E7-405D-9F9E-CDDE1164851A}"
EndProject
Project("{FAE04EC0-301F-11D3-BF4B-00C04F79EFBC}") = "Yupi.Protocol", "Yupi.Protocol\Yupi.Protocol.csproj", "{9AE3ADAB-A767-4123-BE78-34E1DFCF33FB}"
EndProject
Project("{FAE04EC0-301F-11D3-BF4B-00C04F79EFBC}") = "Yupi.Messages", "Yupi.Messages\Yupi.Messages.csproj", "{5E653C7A-B60A-46CE-9448-F9AD50710D3B}"
EndProject
Project("{FAE04EC0-301F-11D3-BF4B-00C04F79EFBC}") = "Yupi.Controller", "Yupi.Controller\Yupi.Controller.csproj", "{40F4057A-7752-4BA3-849B-FDEBCC238717}"
EndProject
Project("{FAE04EC0-301F-11D3-BF4B-00C04F79EFBC}") = "Yupi.Model", "Yupi.Model\Yupi.Model.csproj", "{8B402ADE-66C4-4D92-9DA6-162860FC225E}"
EndProject
Project("{FAE04EC0-301F-11D3-BF4B-00C04F79EFBC}") = "Yupi.Util", "Yupi.Util\Yupi.Util.csproj", "{6CC9871D-F8D6-4586-8681-E9AAECA60D60}"
EndProject
Project("{FAE04EC0-301F-11D3-BF4B-00C04F79EFBC}") = "Yupi.Messages.Contracts", "Yupi.Messages.Contracts\Yupi.Messages.Contracts.csproj", "{686087B0-8FBC-48E3-A903-799A980F8D7D}"
EndProject
Project("{FAE04EC0-301F-11D3-BF4B-00C04F79EFBC}") = "Yupi.Main", "Yupi.Main\Yupi.Main.csproj", "{4776521A-52AD-4A62-85A0-AB992C9D8F2F}"
EndProject
Project("{FAE04EC0-301F-11D3-BF4B-00C04F79EFBC}") = "Yupi.Rest", "Yupi.Rest\Yupi.Rest.csproj", "{A323F1A6-8E91-430F-BCE8-F8AD306D4DED}"
EndProject
Project("{FAE04EC0-301F-11D3-BF4B-00C04F79EFBC}") = "Yupi.Tests", "Yupi.Tests\Yupi.Tests.csproj", "{A987D597-3ADC-456A-802D-0DDDBC611B9F}"
EndProject
Project("{FAE04EC0-301F-11D3-BF4B-00C04F79EFBC}") = "Yupi.Crypto", "Yupi.Crypto\Yupi.Crypto.csproj", "{81B025AC-B1FF-4E84-96FF-6F54859D0F1E}"
EndProject
Global
	GlobalSection(SolutionConfigurationPlatforms) = preSolution
		Debug|Any CPU = Debug|Any CPU
		Debug|x64 = Debug|x64
		Debug|x86 = Debug|x86
		Release|Any CPU = Release|Any CPU
		Release|x64 = Release|x64
		Release|x86 = Release|x86
	EndGlobalSection
	GlobalSection(ProjectConfigurationPlatforms) = postSolution
		{8D09AE29-53E7-405D-9F9E-CDDE1164851A}.Debug|Any CPU.ActiveCfg = Debug|Any CPU
		{8D09AE29-53E7-405D-9F9E-CDDE1164851A}.Debug|Any CPU.Build.0 = Debug|Any CPU
		{8D09AE29-53E7-405D-9F9E-CDDE1164851A}.Debug|x64.ActiveCfg = Debug|Any CPU
		{8D09AE29-53E7-405D-9F9E-CDDE1164851A}.Debug|x64.Build.0 = Debug|Any CPU
		{8D09AE29-53E7-405D-9F9E-CDDE1164851A}.Debug|x86.ActiveCfg = Debug|Any CPU
		{8D09AE29-53E7-405D-9F9E-CDDE1164851A}.Debug|x86.Build.0 = Debug|Any CPU
		{8D09AE29-53E7-405D-9F9E-CDDE1164851A}.Release|Any CPU.ActiveCfg = Release|Any CPU
		{8D09AE29-53E7-405D-9F9E-CDDE1164851A}.Release|Any CPU.Build.0 = Release|Any CPU
		{8D09AE29-53E7-405D-9F9E-CDDE1164851A}.Release|x64.ActiveCfg = Release|Any CPU
		{8D09AE29-53E7-405D-9F9E-CDDE1164851A}.Release|x64.Build.0 = Release|Any CPU
		{8D09AE29-53E7-405D-9F9E-CDDE1164851A}.Release|x86.ActiveCfg = Release|Any CPU
		{8D09AE29-53E7-405D-9F9E-CDDE1164851A}.Release|x86.Build.0 = Release|Any CPU
		{9AE3ADAB-A767-4123-BE78-34E1DFCF33FB}.Debug|Any CPU.ActiveCfg = Debug|Any CPU
		{9AE3ADAB-A767-4123-BE78-34E1DFCF33FB}.Debug|Any CPU.Build.0 = Debug|Any CPU
		{9AE3ADAB-A767-4123-BE78-34E1DFCF33FB}.Debug|x64.ActiveCfg = Debug|Any CPU
		{9AE3ADAB-A767-4123-BE78-34E1DFCF33FB}.Debug|x64.Build.0 = Debug|Any CPU
		{9AE3ADAB-A767-4123-BE78-34E1DFCF33FB}.Debug|x86.ActiveCfg = Debug|Any CPU
		{9AE3ADAB-A767-4123-BE78-34E1DFCF33FB}.Debug|x86.Build.0 = Debug|Any CPU
		{9AE3ADAB-A767-4123-BE78-34E1DFCF33FB}.Release|Any CPU.ActiveCfg = Release|Any CPU
		{9AE3ADAB-A767-4123-BE78-34E1DFCF33FB}.Release|Any CPU.Build.0 = Release|Any CPU
		{9AE3ADAB-A767-4123-BE78-34E1DFCF33FB}.Release|x64.ActiveCfg = Release|Any CPU
		{9AE3ADAB-A767-4123-BE78-34E1DFCF33FB}.Release|x64.Build.0 = Release|Any CPU
		{9AE3ADAB-A767-4123-BE78-34E1DFCF33FB}.Release|x86.ActiveCfg = Release|Any CPU
		{9AE3ADAB-A767-4123-BE78-34E1DFCF33FB}.Release|x86.Build.0 = Release|Any CPU
		{5E653C7A-B60A-46CE-9448-F9AD50710D3B}.Debug|Any CPU.ActiveCfg = Debug|Any CPU
		{5E653C7A-B60A-46CE-9448-F9AD50710D3B}.Debug|Any CPU.Build.0 = Debug|Any CPU
		{5E653C7A-B60A-46CE-9448-F9AD50710D3B}.Debug|x64.ActiveCfg = Debug|Any CPU
		{5E653C7A-B60A-46CE-9448-F9AD50710D3B}.Debug|x64.Build.0 = Debug|Any CPU
		{5E653C7A-B60A-46CE-9448-F9AD50710D3B}.Debug|x86.ActiveCfg = Debug|Any CPU
		{5E653C7A-B60A-46CE-9448-F9AD50710D3B}.Debug|x86.Build.0 = Debug|Any CPU
		{5E653C7A-B60A-46CE-9448-F9AD50710D3B}.Release|Any CPU.ActiveCfg = Release|Any CPU
		{5E653C7A-B60A-46CE-9448-F9AD50710D3B}.Release|Any CPU.Build.0 = Release|Any CPU
		{5E653C7A-B60A-46CE-9448-F9AD50710D3B}.Release|x64.ActiveCfg = Release|Any CPU
		{5E653C7A-B60A-46CE-9448-F9AD50710D3B}.Release|x64.Build.0 = Release|Any CPU
		{5E653C7A-B60A-46CE-9448-F9AD50710D3B}.Release|x86.ActiveCfg = Release|Any CPU
		{5E653C7A-B60A-46CE-9448-F9AD50710D3B}.Release|x86.Build.0 = Release|Any CPU
		{40F4057A-7752-4BA3-849B-FDEBCC238717}.Debug|Any CPU.ActiveCfg = Debug|Any CPU
		{40F4057A-7752-4BA3-849B-FDEBCC238717}.Debug|Any CPU.Build.0 = Debug|Any CPU
		{40F4057A-7752-4BA3-849B-FDEBCC238717}.Debug|x64.ActiveCfg = Debug|Any CPU
		{40F4057A-7752-4BA3-849B-FDEBCC238717}.Debug|x64.Build.0 = Debug|Any CPU
		{40F4057A-7752-4BA3-849B-FDEBCC238717}.Debug|x86.ActiveCfg = Debug|Any CPU
		{40F4057A-7752-4BA3-849B-FDEBCC238717}.Debug|x86.Build.0 = Debug|Any CPU
		{40F4057A-7752-4BA3-849B-FDEBCC238717}.Release|Any CPU.ActiveCfg = Release|Any CPU
		{40F4057A-7752-4BA3-849B-FDEBCC238717}.Release|Any CPU.Build.0 = Release|Any CPU
		{40F4057A-7752-4BA3-849B-FDEBCC238717}.Release|x64.ActiveCfg = Release|Any CPU
		{40F4057A-7752-4BA3-849B-FDEBCC238717}.Release|x64.Build.0 = Release|Any CPU
		{40F4057A-7752-4BA3-849B-FDEBCC238717}.Release|x86.ActiveCfg = Release|Any CPU
		{40F4057A-7752-4BA3-849B-FDEBCC238717}.Release|x86.Build.0 = Release|Any CPU
		{8B402ADE-66C4-4D92-9DA6-162860FC225E}.Debug|Any CPU.ActiveCfg = Debug|Any CPU
		{8B402ADE-66C4-4D92-9DA6-162860FC225E}.Debug|Any CPU.Build.0 = Debug|Any CPU
		{8B402ADE-66C4-4D92-9DA6-162860FC225E}.Debug|x64.ActiveCfg = Debug|Any CPU
		{8B402ADE-66C4-4D92-9DA6-162860FC225E}.Debug|x64.Build.0 = Debug|Any CPU
		{8B402ADE-66C4-4D92-9DA6-162860FC225E}.Debug|x86.ActiveCfg = Debug|Any CPU
		{8B402ADE-66C4-4D92-9DA6-162860FC225E}.Debug|x86.Build.0 = Debug|Any CPU
		{8B402ADE-66C4-4D92-9DA6-162860FC225E}.Release|Any CPU.ActiveCfg = Release|Any CPU
		{8B402ADE-66C4-4D92-9DA6-162860FC225E}.Release|Any CPU.Build.0 = Release|Any CPU
		{8B402ADE-66C4-4D92-9DA6-162860FC225E}.Release|x64.ActiveCfg = Release|Any CPU
		{8B402ADE-66C4-4D92-9DA6-162860FC225E}.Release|x64.Build.0 = Release|Any CPU
		{8B402ADE-66C4-4D92-9DA6-162860FC225E}.Release|x86.ActiveCfg = Release|Any CPU
		{8B402ADE-66C4-4D92-9DA6-162860FC225E}.Release|x86.Build.0 = Release|Any CPU
		{6CC9871D-F8D6-4586-8681-E9AAECA60D60}.Debug|Any CPU.ActiveCfg = Debug|Any CPU
		{6CC9871D-F8D6-4586-8681-E9AAECA60D60}.Debug|Any CPU.Build.0 = Debug|Any CPU
		{6CC9871D-F8D6-4586-8681-E9AAECA60D60}.Debug|x64.ActiveCfg = Debug|Any CPU
		{6CC9871D-F8D6-4586-8681-E9AAECA60D60}.Debug|x64.Build.0 = Debug|Any CPU
		{6CC9871D-F8D6-4586-8681-E9AAECA60D60}.Debug|x86.ActiveCfg = Debug|Any CPU
		{6CC9871D-F8D6-4586-8681-E9AAECA60D60}.Debug|x86.Build.0 = Debug|Any CPU
		{6CC9871D-F8D6-4586-8681-E9AAECA60D60}.Release|Any CPU.ActiveCfg = Release|Any CPU
		{6CC9871D-F8D6-4586-8681-E9AAECA60D60}.Release|Any CPU.Build.0 = Release|Any CPU
		{6CC9871D-F8D6-4586-8681-E9AAECA60D60}.Release|x64.ActiveCfg = Release|Any CPU
		{6CC9871D-F8D6-4586-8681-E9AAECA60D60}.Release|x64.Build.0 = Release|Any CPU
		{6CC9871D-F8D6-4586-8681-E9AAECA60D60}.Release|x86.ActiveCfg = Release|Any CPU
		{6CC9871D-F8D6-4586-8681-E9AAECA60D60}.Release|x86.Build.0 = Release|Any CPU
		{686087B0-8FBC-48E3-A903-799A980F8D7D}.Debug|Any CPU.ActiveCfg = Debug|Any CPU
		{686087B0-8FBC-48E3-A903-799A980F8D7D}.Debug|Any CPU.Build.0 = Debug|Any CPU
		{686087B0-8FBC-48E3-A903-799A980F8D7D}.Debug|x64.ActiveCfg = Debug|Any CPU
		{686087B0-8FBC-48E3-A903-799A980F8D7D}.Debug|x64.Build.0 = Debug|Any CPU
		{686087B0-8FBC-48E3-A903-799A980F8D7D}.Debug|x86.ActiveCfg = Debug|Any CPU
		{686087B0-8FBC-48E3-A903-799A980F8D7D}.Debug|x86.Build.0 = Debug|Any CPU
		{686087B0-8FBC-48E3-A903-799A980F8D7D}.Release|Any CPU.ActiveCfg = Release|Any CPU
		{686087B0-8FBC-48E3-A903-799A980F8D7D}.Release|Any CPU.Build.0 = Release|Any CPU
		{686087B0-8FBC-48E3-A903-799A980F8D7D}.Release|x64.ActiveCfg = Release|Any CPU
		{686087B0-8FBC-48E3-A903-799A980F8D7D}.Release|x64.Build.0 = Release|Any CPU
		{686087B0-8FBC-48E3-A903-799A980F8D7D}.Release|x86.ActiveCfg = Release|Any CPU
		{686087B0-8FBC-48E3-A903-799A980F8D7D}.Release|x86.Build.0 = Release|Any CPU
		{4776521A-52AD-4A62-85A0-AB992C9D8F2F}.Debug|Any CPU.ActiveCfg = Debug|Any CPU
		{4776521A-52AD-4A62-85A0-AB992C9D8F2F}.Debug|Any CPU.Build.0 = Debug|Any CPU
		{4776521A-52AD-4A62-85A0-AB992C9D8F2F}.Debug|x64.ActiveCfg = Debug|Any CPU
		{4776521A-52AD-4A62-85A0-AB992C9D8F2F}.Debug|x64.Build.0 = Debug|Any CPU
		{4776521A-52AD-4A62-85A0-AB992C9D8F2F}.Debug|x86.ActiveCfg = Debug|Any CPU
		{4776521A-52AD-4A62-85A0-AB992C9D8F2F}.Debug|x86.Build.0 = Debug|Any CPU
		{4776521A-52AD-4A62-85A0-AB992C9D8F2F}.Release|Any CPU.ActiveCfg = Release|Any CPU
		{4776521A-52AD-4A62-85A0-AB992C9D8F2F}.Release|Any CPU.Build.0 = Release|Any CPU
		{4776521A-52AD-4A62-85A0-AB992C9D8F2F}.Release|x64.ActiveCfg = Release|Any CPU
		{4776521A-52AD-4A62-85A0-AB992C9D8F2F}.Release|x64.Build.0 = Release|Any CPU
		{4776521A-52AD-4A62-85A0-AB992C9D8F2F}.Release|x86.ActiveCfg = Release|Any CPU
		{4776521A-52AD-4A62-85A0-AB992C9D8F2F}.Release|x86.Build.0 = Release|Any CPU
		{A323F1A6-8E91-430F-BCE8-F8AD306D4DED}.Debug|Any CPU.ActiveCfg = Debug|Any CPU
		{A323F1A6-8E91-430F-BCE8-F8AD306D4DED}.Debug|Any CPU.Build.0 = Debug|Any CPU
		{A323F1A6-8E91-430F-BCE8-F8AD306D4DED}.Debug|x64.ActiveCfg = Debug|Any CPU
		{A323F1A6-8E91-430F-BCE8-F8AD306D4DED}.Debug|x64.Build.0 = Debug|Any CPU
		{A323F1A6-8E91-430F-BCE8-F8AD306D4DED}.Debug|x86.ActiveCfg = Debug|Any CPU
		{A323F1A6-8E91-430F-BCE8-F8AD306D4DED}.Debug|x86.Build.0 = Debug|Any CPU
		{A323F1A6-8E91-430F-BCE8-F8AD306D4DED}.Release|Any CPU.ActiveCfg = Release|Any CPU
		{A323F1A6-8E91-430F-BCE8-F8AD306D4DED}.Release|Any CPU.Build.0 = Release|Any CPU
		{A323F1A6-8E91-430F-BCE8-F8AD306D4DED}.Release|x64.ActiveCfg = Release|Any CPU
		{A323F1A6-8E91-430F-BCE8-F8AD306D4DED}.Release|x64.Build.0 = Release|Any CPU
		{A323F1A6-8E91-430F-BCE8-F8AD306D4DED}.Release|x86.ActiveCfg = Release|Any CPU
		{A323F1A6-8E91-430F-BCE8-F8AD306D4DED}.Release|x86.Build.0 = Release|Any CPU
		{A987D597-3ADC-456A-802D-0DDDBC611B9F}.Debug|Any CPU.ActiveCfg = Debug|Any CPU
		{A987D597-3ADC-456A-802D-0DDDBC611B9F}.Debug|Any CPU.Build.0 = Debug|Any CPU
		{A987D597-3ADC-456A-802D-0DDDBC611B9F}.Debug|x64.ActiveCfg = Debug|Any CPU
		{A987D597-3ADC-456A-802D-0DDDBC611B9F}.Debug|x64.Build.0 = Debug|Any CPU
		{A987D597-3ADC-456A-802D-0DDDBC611B9F}.Debug|x86.ActiveCfg = Debug|Any CPU
		{A987D597-3ADC-456A-802D-0DDDBC611B9F}.Debug|x86.Build.0 = Debug|Any CPU
		{A987D597-3ADC-456A-802D-0DDDBC611B9F}.Release|Any CPU.ActiveCfg = Release|Any CPU
		{A987D597-3ADC-456A-802D-0DDDBC611B9F}.Release|Any CPU.Build.0 = Release|Any CPU
		{A987D597-3ADC-456A-802D-0DDDBC611B9F}.Release|x64.ActiveCfg = Release|Any CPU
		{A987D597-3ADC-456A-802D-0DDDBC611B9F}.Release|x64.Build.0 = Release|Any CPU
		{A987D597-3ADC-456A-802D-0DDDBC611B9F}.Release|x86.ActiveCfg = Release|Any CPU
		{A987D597-3ADC-456A-802D-0DDDBC611B9F}.Release|x86.Build.0 = Release|Any CPU
		{81B025AC-B1FF-4E84-96FF-6F54859D0F1E}.Debug|Any CPU.ActiveCfg = Debug|Any CPU
		{81B025AC-B1FF-4E84-96FF-6F54859D0F1E}.Debug|Any CPU.Build.0 = Debug|Any CPU
		{81B025AC-B1FF-4E84-96FF-6F54859D0F1E}.Debug|x64.ActiveCfg = Debug|Any CPU
		{81B025AC-B1FF-4E84-96FF-6F54859D0F1E}.Debug|x64.Build.0 = Debug|Any CPU
		{81B025AC-B1FF-4E84-96FF-6F54859D0F1E}.Debug|x86.ActiveCfg = Debug|Any CPU
		{81B025AC-B1FF-4E84-96FF-6F54859D0F1E}.Debug|x86.Build.0 = Debug|Any CPU
		{81B025AC-B1FF-4E84-96FF-6F54859D0F1E}.Release|Any CPU.ActiveCfg = Release|Any CPU
		{81B025AC-B1FF-4E84-96FF-6F54859D0F1E}.Release|Any CPU.Build.0 = Release|Any CPU
		{81B025AC-B1FF-4E84-96FF-6F54859D0F1E}.Release|x64.ActiveCfg = Release|Any CPU
		{81B025AC-B1FF-4E84-96FF-6F54859D0F1E}.Release|x64.Build.0 = Release|Any CPU
		{81B025AC-B1FF-4E84-96FF-6F54859D0F1E}.Release|x86.ActiveCfg = Release|Any CPU
		{81B025AC-B1FF-4E84-96FF-6F54859D0F1E}.Release|x86.Build.0 = Release|Any CPU
	EndGlobalSection
	GlobalSection(SolutionProperties) = preSolution
		HideSolutionNode = FALSE
	EndGlobalSection
	GlobalSection(MonoDevelopProperties) = preSolution
		Policies = $0
		$0.TextStylePolicy = $1
		$1.inheritsSet = VisualStudio
		$1.inheritsScope = text/plain
		$1.scope = text/x-csharp
		$0.CSharpFormattingPolicy = $2
		$2.IndentSwitchBody = True
		$2.IndentBlocksInsideExpressions = True
		$2.SimplePropertyFormatting = ForceNewLine
		$2.AnonymousMethodBraceStyle = NextLine
		$2.PropertyBraceStyle = NextLine
		$2.PropertyGetBraceStyle = NextLine
		$2.PropertySetBraceStyle = NextLine
		$2.EventBraceStyle = NextLine
		$2.EventAddBraceStyle = NextLine
		$2.EventRemoveBraceStyle = NextLine
		$2.StatementBraceStyle = NextLine
		$2.ElseNewLinePlacement = NewLine
		$2.CatchNewLinePlacement = NewLine
		$2.FinallyNewLinePlacement = NewLine
		$2.WhileNewLinePlacement = DoNotCare
		$2.ArrayInitializerWrapping = DoNotChange
		$2.ArrayInitializerBraceStyle = NextLine
		$2.BeforeMethodDeclarationParentheses = False
		$2.BeforeMethodCallParentheses = False
		$2.BeforeConstructorDeclarationParentheses = False
		$2.NewLineBeforeConstructorInitializerColon = SameLine
		$2.NewLineAfterConstructorInitializerColon = SameLine
		$2.BeforeDelegateDeclarationParentheses = False
		$2.NewParentheses = False
		$2.SpacesBeforeBrackets = False
		$2.MethodDeclarationParameterWrapping = WrapIfTooLong
		$2.inheritsSet = Mono
		$2.inheritsScope = text/x-csharp
		$2.scope = text/x-csharp
		$0.DotNetNamingPolicy = $3
		$3.DirectoryNamespaceAssociation = None
		$3.ResourceNamePolicy = FileFormatDefault
		$0.StandardHeader = $4
		$4.Text = @---------------------------------------------------------------------------------\n<copyright file="${FileName}" company="https://github.com/sant0ro/Yupi">\n  Copyright (c) ${Year} ${CopyrightHolder}\n</copyright>\n<license>\n  Permission is hereby granted, free of charge, to any person obtaining a copy\n  of this software and associated documentation files (the "Software"), to deal\n  in the Software without restriction, including without limitation the rights\n  to use, copy, modify, merge, publish, distribute, sublicense, and/or sell\n  copies of the Software, and to permit persons to whom the Software is\n  furnished to do so, subject to the following conditions:\n\n  The above copyright notice and this permission notice shall be included in\n  all copies or substantial portions of the Software.\n\n  THE SOFTWARE IS PROVIDED "AS IS", WITHOUT WARRANTY OF ANY KIND, EXPRESS OR\n  IMPLIED, INCLUDING BUT NOT LIMITED TO THE WARRANTIES OF MERCHANTABILITY,\n  FITNESS FOR A PARTICULAR PURPOSE AND NONINFRINGEMENT. IN NO EVENT SHALL THE\n  AUTHORS OR COPYRIGHT HOLDERS BE LIABLE FOR ANY CLAIM, DAMAGES OR OTHER\n  LIABILITY, WHETHER IN AN ACTION OF CONTRACT, TORT OR OTHERWISE, ARISING FROM,\n  OUT OF OR IN CONNECTION WITH THE SOFTWARE OR THE USE OR OTHER DEALINGS IN\n  THE SOFTWARE.\n</license>\n---------------------------------------------------------------------------------
		$4.IncludeInNewFiles = True
		$0.NameConventionPolicy = $5
		$5.Rules = $6
		$6.NamingRule = $26
		$26.AffectedEntity = None
		$26.VisibilityMask = VisibilityMask
		$26.NamingStyle = None
		$26.IncludeInstanceMembers = True
		$26.IncludeStaticEntities = True
	EndGlobalSection
EndGlobal
